
Microsoft Visual Studio Solution File, Format Version 12.00
# Visual Studio Version 16
VisualStudioVersion = 16.0.31702.278
MinimumVisualStudioVersion = 10.0.40219.1
Project("{FAE04EC0-301F-11D3-BF4B-00C04F79EFBC}") = "Jenkins_.Net", "Jenkins_.Net\Jenkins_.Net.csproj", "{877502B5-AF6D-4486-8E8F-227F2DA9E400}"
EndProject
Global
	GlobalSection(SolutionConfigurationPlatforms) = preSolution
		Debug|Any CPU = Debug|Any CPU
		Release|Any CPU = Release|Any CPU
	EndGlobalSection
	GlobalSection(ProjectConfigurationPlatforms) = postSolution
		{877502B5-AF6D-4486-8E8F-227F2DA9E400}.Debug|Any CPU.ActiveCfg = Debug|Any CPU
		{877502B5-AF6D-4486-8E8F-227F2DA9E400}.Debug|Any CPU.Build.0 = Debug|Any CPU
		{877502B5-AF6D-4486-8E8F-227F2DA9E400}.Release|Any CPU.ActiveCfg = Release|Any CPU
		{877502B5-AF6D-4486-8E8F-227F2DA9E400}.Release|Any CPU.Build.0 = Release|Any CPU
	EndGlobalSection
	GlobalSection(SolutionProperties) = preSolution
		HideSolutionNode = FALSE
	EndGlobalSection
	GlobalSection(ExtensibilityGlobals) = postSolution
		SolutionGuid = {DA03D19E-283D-490F-B142-830D85FD9CC5}
	EndGlobalSection
EndGlobal
